
Microsoft Visual Studio Solution File, Format Version 12.00
# Visual Studio 14
VisualStudioVersion = 14.0.25420.1
MinimumVisualStudioVersion = 10.0.40219.1
Project("{FAE04EC0-301F-11D3-BF4B-00C04F79EFBC}") = "RegStuff", "RegStuff\RegStuff.csproj", "{FC1FB78C-3CD1-44FB-AD4F-E745984E0655}"
EndProject
Global
	GlobalSection(SolutionConfigurationPlatforms) = preSolution
		Debug|Any CPU = Debug|Any CPU
		Release|Any CPU = Release|Any CPU
	EndGlobalSection
	GlobalSection(ProjectConfigurationPlatforms) = postSolution
		{FC1FB78C-3CD1-44FB-AD4F-E745984E0655}.Debug|Any CPU.ActiveCfg = Debug|Any CPU
		{FC1FB78C-3CD1-44FB-AD4F-E745984E0655}.Debug|Any CPU.Build.0 = Debug|Any CPU
		{FC1FB78C-3CD1-44FB-AD4F-E745984E0655}.Release|Any CPU.ActiveCfg = Release|Any CPU
		{FC1FB78C-3CD1-44FB-AD4F-E745984E0655}.Release|Any CPU.Build.0 = Release|Any CPU
	EndGlobalSection
	GlobalSection(SolutionProperties) = preSolution
		HideSolutionNode = FALSE
	EndGlobalSection
EndGlobal
